
Microsoft Visual Studio Solution File, Format Version 12.00
# Visual Studio Version 16
VisualStudioVersion = 16.0.31321.278
MinimumVisualStudioVersion = 10.0.40219.1
Project("{888888A0-9F3D-457C-B088-3A5042F75D52}") = "GCK_project", "GCK_project.pyproj", "{7CB36C88-C56E-4D00-B774-31D5222B8DE2}"
EndProject
Global
	GlobalSection(SolutionConfigurationPlatforms) = preSolution
		Debug|Any CPU = Debug|Any CPU
		Release|Any CPU = Release|Any CPU
	EndGlobalSection
	GlobalSection(ProjectConfigurationPlatforms) = postSolution
		{7CB36C88-C56E-4D00-B774-31D5222B8DE2}.Debug|Any CPU.ActiveCfg = Debug|Any CPU
		{7CB36C88-C56E-4D00-B774-31D5222B8DE2}.Release|Any CPU.ActiveCfg = Release|Any CPU
	EndGlobalSection
	GlobalSection(SolutionProperties) = preSolution
		HideSolutionNode = FALSE
	EndGlobalSection
	GlobalSection(ExtensibilityGlobals) = postSolution
		SolutionGuid = {72CD76CA-6F15-43A1-B357-C3CEFB31AEDB}
	EndGlobalSection
EndGlobal
